// !$*UTF8*$!
{
	archiveVersion = 1;
	classes = {
	};
	objectVersion = 56;
	objects = {

/* Begin PBXBuildFile section */
		8B3AFC962BD3DCF50069773F /* KingfisherManager.swift in Sources */ = {isa = PBXBuildFile; fileRef = 8B3AFC952BD3DCF50069773F /* KingfisherManager.swift */; };
		8B3AFC982BD3E5D20069773F /* PersonalColor.swift in Sources */ = {isa = PBXBuildFile; fileRef = 8B3AFC972BD3E5D20069773F /* PersonalColor.swift */; };
		8B3AFC9B2BD3FD750069773F /* PostDetailViewController.swift in Sources */ = {isa = PBXBuildFile; fileRef = 8B3AFC9A2BD3FD750069773F /* PostDetailViewController.swift */; };
		8B3AFC9D2BD3FD7F0069773F /* PostDetailView.swift in Sources */ = {isa = PBXBuildFile; fileRef = 8B3AFC9C2BD3FD7F0069773F /* PostDetailView.swift */; };
		8B3AFCA12BD3FD940069773F /* PostDetailViewModel.swift in Sources */ = {isa = PBXBuildFile; fileRef = 8B3AFCA02BD3FD940069773F /* PostDetailViewModel.swift */; };
		8B3AFCA32BD40FE10069773F /* UserDataView.swift in Sources */ = {isa = PBXBuildFile; fileRef = 8B3AFCA22BD40FE10069773F /* UserDataView.swift */; };
		8B3AFCA52BD4195B0069773F /* CommentManager.swift in Sources */ = {isa = PBXBuildFile; fileRef = 8B3AFCA42BD4195B0069773F /* CommentManager.swift */; };
		8B3AFCA72BD420E30069773F /* RxProtocol.swift in Sources */ = {isa = PBXBuildFile; fileRef = 8B3AFCA62BD420E30069773F /* RxProtocol.swift */; };
		8B3AFCAB2BD428B60069773F /* PostImageCollectionViewCell.swift in Sources */ = {isa = PBXBuildFile; fileRef = 8B3AFCAA2BD428B60069773F /* PostImageCollectionViewCell.swift */; };
		8B3AFCAF2BD42A660069773F /* UILabel+Extension.swift in Sources */ = {isa = PBXBuildFile; fileRef = 8B3AFCAE2BD42A660069773F /* UILabel+Extension.swift */; };
		8B3AFCB12BD4343B0069773F /* BaseTableViewCell.swift in Sources */ = {isa = PBXBuildFile; fileRef = 8B3AFCB02BD4343B0069773F /* BaseTableViewCell.swift */; };
		8B3AFCB32BD437F30069773F /* CommentTableViewCell.swift in Sources */ = {isa = PBXBuildFile; fileRef = 8B3AFCB22BD437F30069773F /* CommentTableViewCell.swift */; };
		8B3AFCB52BD4F3860069773F /* LikeModel.swift in Sources */ = {isa = PBXBuildFile; fileRef = 8B3AFCB42BD4F3860069773F /* LikeModel.swift */; };
		8B3AFCB82BD517EA0069773F /* IQKeyboardManagerSwift in Frameworks */ = {isa = PBXBuildFile; productRef = 8B3AFCB72BD517EA0069773F /* IQKeyboardManagerSwift */; };
		8B3AFCBA2BD522CE0069773F /* LikeManager.swift in Sources */ = {isa = PBXBuildFile; fileRef = 8B3AFCB92BD522CE0069773F /* LikeManager.swift */; };
		8B3AFCBC2BD523AE0069773F /* CommentModel.swift in Sources */ = {isa = PBXBuildFile; fileRef = 8B3AFCBB2BD523AE0069773F /* CommentModel.swift */; };
		8B3AFCBE2BD539920069773F /* TokenManager.swift in Sources */ = {isa = PBXBuildFile; fileRef = 8B3AFCBD2BD539920069773F /* TokenManager.swift */; };
		8B3AFCC02BD566210069773F /* TokenModel.swift in Sources */ = {isa = PBXBuildFile; fileRef = 8B3AFCBF2BD566210069773F /* TokenModel.swift */; };
		8B3AFCC32BD56B540069773F /* CustomSegmentedControl.swift in Sources */ = {isa = PBXBuildFile; fileRef = 8B3AFCC22BD56B540069773F /* CustomSegmentedControl.swift */; };
		8B3AFCE02BD6958A0069773F /* SegmentCase.swift in Sources */ = {isa = PBXBuildFile; fileRef = 8B3AFCDF2BD6958A0069773F /* SegmentCase.swift */; };
		8B3AFCE32BD69AC80069773F /* FollowViewController.swift in Sources */ = {isa = PBXBuildFile; fileRef = 8B3AFCE22BD69AC80069773F /* FollowViewController.swift */; };
		8B3AFCE52BD69AD10069773F /* FollowView.swift in Sources */ = {isa = PBXBuildFile; fileRef = 8B3AFCE42BD69AD10069773F /* FollowView.swift */; };
		8B3AFCE72BD69AD70069773F /* FollowViewModel.swift in Sources */ = {isa = PBXBuildFile; fileRef = 8B3AFCE62BD69AD70069773F /* FollowViewModel.swift */; };
		8B3AFCE92BD6D0B70069773F /* ProfileProtocol.swift in Sources */ = {isa = PBXBuildFile; fileRef = 8B3AFCE82BD6D0B70069773F /* ProfileProtocol.swift */; };
		8B3AFCEB2BD6D0EE0069773F /* Profile.swift in Sources */ = {isa = PBXBuildFile; fileRef = 8B3AFCEA2BD6D0EE0069773F /* Profile.swift */; };
		8B3AFD042BD7AC930069773F /* CountButtonView.swift in Sources */ = {isa = PBXBuildFile; fileRef = 8B3AFD032BD7AC930069773F /* CountButtonView.swift */; };
		8B3AFD092BD81D9F0069773F /* SaveViewController.swift in Sources */ = {isa = PBXBuildFile; fileRef = 8B3AFD082BD81D9F0069773F /* SaveViewController.swift */; };
		8B3AFD0B2BD81DA50069773F /* SaveView.swift in Sources */ = {isa = PBXBuildFile; fileRef = 8B3AFD0A2BD81DA50069773F /* SaveView.swift */; };
		8B3AFD0D2BD81DAD0069773F /* SaveViewModel.swift in Sources */ = {isa = PBXBuildFile; fileRef = 8B3AFD0C2BD81DAD0069773F /* SaveViewModel.swift */; };
		8B3AFD0F2BD833AC0069773F /* SaveCollectionViewCell.swift in Sources */ = {isa = PBXBuildFile; fileRef = 8B3AFD0E2BD833AC0069773F /* SaveCollectionViewCell.swift */; };
		8B3AFD142BD8D8D50069773F /* CustomTabBarViewController.swift in Sources */ = {isa = PBXBuildFile; fileRef = 8B3AFD132BD8D8D50069773F /* CustomTabBarViewController.swift */; };
		8B3AFD162BD8EA050069773F /* OtherProfileViewController.swift in Sources */ = {isa = PBXBuildFile; fileRef = 8B3AFD152BD8EA050069773F /* OtherProfileViewController.swift */; };
		8B3AFD182BD8EA0C0069773F /* OtherProfileView.swift in Sources */ = {isa = PBXBuildFile; fileRef = 8B3AFD172BD8EA0C0069773F /* OtherProfileView.swift */; };
		8B3AFD1A2BD8EA140069773F /* OtherProfileViewModel.swift in Sources */ = {isa = PBXBuildFile; fileRef = 8B3AFD192BD8EA140069773F /* OtherProfileViewModel.swift */; };
		8B3AFD1C2BD8EDC70069773F /* ProfileCustomButton.swift in Sources */ = {isa = PBXBuildFile; fileRef = 8B3AFD1B2BD8EDC70069773F /* ProfileCustomButton.swift */; };
		8B428C422BC980C700FD1B69 /* AppDelegate.swift in Sources */ = {isa = PBXBuildFile; fileRef = 8B428C412BC980C700FD1B69 /* AppDelegate.swift */; };
		8B428C442BC980C700FD1B69 /* SceneDelegate.swift in Sources */ = {isa = PBXBuildFile; fileRef = 8B428C432BC980C700FD1B69 /* SceneDelegate.swift */; };
		8B428C462BC980C700FD1B69 /* ViewController.swift in Sources */ = {isa = PBXBuildFile; fileRef = 8B428C452BC980C700FD1B69 /* ViewController.swift */; };
		8B428C492BC980C700FD1B69 /* Main.storyboard in Resources */ = {isa = PBXBuildFile; fileRef = 8B428C472BC980C700FD1B69 /* Main.storyboard */; };
		8B428C4B2BC980C900FD1B69 /* Assets.xcassets in Resources */ = {isa = PBXBuildFile; fileRef = 8B428C4A2BC980C900FD1B69 /* Assets.xcassets */; };
		8B428C4E2BC980C900FD1B69 /* LaunchScreen.storyboard in Resources */ = {isa = PBXBuildFile; fileRef = 8B428C4C2BC980C900FD1B69 /* LaunchScreen.storyboard */; };
		8B428C562BC9811600FD1B69 /* .gitignore in Resources */ = {isa = PBXBuildFile; fileRef = 8B428C552BC9811600FD1B69 /* .gitignore */; };
		8B428C592BC981D100FD1B69 /* APIKey.swift in Sources */ = {isa = PBXBuildFile; fileRef = 8B428C582BC981D100FD1B69 /* APIKey.swift */; };
		8B428C5E2BCAB4D900FD1B69 /* BaseViewController.swift in Sources */ = {isa = PBXBuildFile; fileRef = 8B428C5D2BCAB4D900FD1B69 /* BaseViewController.swift */; };
		8B428C602BCAB4FF00FD1B69 /* BaseView.swift in Sources */ = {isa = PBXBuildFile; fileRef = 8B428C5F2BCAB4FF00FD1B69 /* BaseView.swift */; };
		8B428C622BCAB52B00FD1B69 /* BaseCollectionViewCell.swift in Sources */ = {isa = PBXBuildFile; fileRef = 8B428C612BCAB52B00FD1B69 /* BaseCollectionViewCell.swift */; };
		8B428C652BCAB58300FD1B69 /* UIView+Extension.swift in Sources */ = {isa = PBXBuildFile; fileRef = 8B428C642BCAB58300FD1B69 /* UIView+Extension.swift */; };
		8B428C6C2BCAB84200FD1B69 /* MyProfileViewController.swift in Sources */ = {isa = PBXBuildFile; fileRef = 8B428C6B2BCAB84200FD1B69 /* MyProfileViewController.swift */; };
		8B428C6F2BCAB88600FD1B69 /* MyProfileViewModel.swift in Sources */ = {isa = PBXBuildFile; fileRef = 8B428C6E2BCAB88600FD1B69 /* MyProfileViewModel.swift */; };
		8B428C732BCAB89E00FD1B69 /* MyProfileView.swift in Sources */ = {isa = PBXBuildFile; fileRef = 8B428C722BCAB89E00FD1B69 /* MyProfileView.swift */; };
		8B428C762BCAB91300FD1B69 /* Toast in Frameworks */ = {isa = PBXBuildFile; productRef = 8B428C752BCAB91300FD1B69 /* Toast */; };
		8B428C792BCAB92500FD1B69 /* Alamofire in Frameworks */ = {isa = PBXBuildFile; productRef = 8B428C782BCAB92500FD1B69 /* Alamofire */; };
		8B428C7C2BCAB92D00FD1B69 /* Kingfisher in Frameworks */ = {isa = PBXBuildFile; productRef = 8B428C7B2BCAB92D00FD1B69 /* Kingfisher */; };
		8B428C7F2BCAB93800FD1B69 /* SnapKit in Frameworks */ = {isa = PBXBuildFile; productRef = 8B428C7E2BCAB93800FD1B69 /* SnapKit */; };
		8B428C822BCAB95100FD1B69 /* RxCocoa in Frameworks */ = {isa = PBXBuildFile; productRef = 8B428C812BCAB95100FD1B69 /* RxCocoa */; };
		8B428C842BCAB95100FD1B69 /* RxSwift in Frameworks */ = {isa = PBXBuildFile; productRef = 8B428C832BCAB95100FD1B69 /* RxSwift */; };
		8B428C872BCACA6900FD1B69 /* NotLoginView.swift in Sources */ = {isa = PBXBuildFile; fileRef = 8B428C862BCACA6900FD1B69 /* NotLoginView.swift */; };
		8B428C8A2BCACABA00FD1B69 /* Constants.swift in Sources */ = {isa = PBXBuildFile; fileRef = 8B428C892BCACABA00FD1B69 /* Constants.swift */; };
		8B428C8C2BCB708000FD1B69 /* PointButton.swift in Sources */ = {isa = PBXBuildFile; fileRef = 8B428C8B2BCB708000FD1B69 /* PointButton.swift */; };
		8B428C8E2BCBC25D00FD1B69 /* InputOutput.swift in Sources */ = {isa = PBXBuildFile; fileRef = 8B428C8D2BCBC25D00FD1B69 /* InputOutput.swift */; };
		8B428C902BCBCA9400FD1B69 /* NetworkManager.swift in Sources */ = {isa = PBXBuildFile; fileRef = 8B428C8F2BCBCA9400FD1B69 /* NetworkManager.swift */; };
		8B428C922BCBCB3600FD1B69 /* UserManager.swift in Sources */ = {isa = PBXBuildFile; fileRef = 8B428C912BCBCB3600FD1B69 /* UserManager.swift */; };
		8B428C942BCC126200FD1B69 /* UserDefaultKey.swift in Sources */ = {isa = PBXBuildFile; fileRef = 8B428C932BCC126200FD1B69 /* UserDefaultKey.swift */; };
		8B428C962BCC128300FD1B69 /* Network.swift in Sources */ = {isa = PBXBuildFile; fileRef = 8B428C952BCC128300FD1B69 /* Network.swift */; };
		8B428C982BCC136D00FD1B69 /* Router.swift in Sources */ = {isa = PBXBuildFile; fileRef = 8B428C972BCC136D00FD1B69 /* Router.swift */; };
		8B428C9A2BCC13D000FD1B69 /* RouterType.swift in Sources */ = {isa = PBXBuildFile; fileRef = 8B428C992BCC13D000FD1B69 /* RouterType.swift */; };
		8B428C9D2BCC233700FD1B69 /* UserModel.swift in Sources */ = {isa = PBXBuildFile; fileRef = 8B428C9C2BCC233700FD1B69 /* UserModel.swift */; };
		8B428CA02BCCA7E700FD1B69 /* NotLoginViewController.swift in Sources */ = {isa = PBXBuildFile; fileRef = 8B428C9F2BCCA7E700FD1B69 /* NotLoginViewController.swift */; };
		8B428CA42BCCAA2600FD1B69 /* LoginViewController.swift in Sources */ = {isa = PBXBuildFile; fileRef = 8B428CA32BCCAA2600FD1B69 /* LoginViewController.swift */; };
		8B428CA62BCCAA2E00FD1B69 /* LoginViewModel.swift in Sources */ = {isa = PBXBuildFile; fileRef = 8B428CA52BCCAA2E00FD1B69 /* LoginViewModel.swift */; };
		8B428CA82BCCAA3400FD1B69 /* LoginView.swift in Sources */ = {isa = PBXBuildFile; fileRef = 8B428CA72BCCAA3400FD1B69 /* LoginView.swift */; };
		8B428CCA2BCD1CE500FD1B69 /* RegisterViewController.swift in Sources */ = {isa = PBXBuildFile; fileRef = 8B428CC92BCD1CE500FD1B69 /* RegisterViewController.swift */; };
		8B428CCC2BCD1CED00FD1B69 /* RegisterView.swift in Sources */ = {isa = PBXBuildFile; fileRef = 8B428CCB2BCD1CED00FD1B69 /* RegisterView.swift */; };
		8B428CCE2BCD1CF400FD1B69 /* ReigsterViewModel.swift in Sources */ = {isa = PBXBuildFile; fileRef = 8B428CCD2BCD1CF400FD1B69 /* ReigsterViewModel.swift */; };
		8B428CD32BCE000A00FD1B69 /* UploadViewController.swift in Sources */ = {isa = PBXBuildFile; fileRef = 8B428CD22BCE000A00FD1B69 /* UploadViewController.swift */; };
		8B428CD52BCE001400FD1B69 /* UploadView.swift in Sources */ = {isa = PBXBuildFile; fileRef = 8B428CD42BCE001400FD1B69 /* UploadView.swift */; };
		8B428CD72BCE001C00FD1B69 /* UploadViewModel.swift in Sources */ = {isa = PBXBuildFile; fileRef = 8B428CD62BCE001C00FD1B69 /* UploadViewModel.swift */; };
		8B428CF32BCE865C00FD1B69 /* PostModel.swift in Sources */ = {isa = PBXBuildFile; fileRef = 8B428CF22BCE865C00FD1B69 /* PostModel.swift */; };
		8B428CF52BCEA73F00FD1B69 /* HomeViewModel.swift in Sources */ = {isa = PBXBuildFile; fileRef = 8B428CF42BCEA73E00FD1B69 /* HomeViewModel.swift */; };
		8B428CF72BCEA74800FD1B69 /* HomeView.swift in Sources */ = {isa = PBXBuildFile; fileRef = 8B428CF62BCEA74800FD1B69 /* HomeView.swift */; };
		8B428CF92BCEA74E00FD1B69 /* HomeViewController.swift in Sources */ = {isa = PBXBuildFile; fileRef = 8B428CF82BCEA74E00FD1B69 /* HomeViewController.swift */; };
		8B428D032BCF9EB500FD1B69 /* UIViewController+Extension.swift in Sources */ = {isa = PBXBuildFile; fileRef = 8B428D022BCF9EB500FD1B69 /* UIViewController+Extension.swift */; };
		8B428D052BCFA1B600FD1B69 /* PostManager.swift in Sources */ = {isa = PBXBuildFile; fileRef = 8B428D042BCFA1B600FD1B69 /* PostManager.swift */; };
		8B57AB932BD13A02004BC76E /* UploadPhotosCollectionViewCell.swift in Sources */ = {isa = PBXBuildFile; fileRef = 8B57AB922BD13A02004BC76E /* UploadPhotosCollectionViewCell.swift */; };
		8B57ABB32BD26454004BC76E /* NSItemProviderReading+Extension.swift in Sources */ = {isa = PBXBuildFile; fileRef = 8B57ABB22BD26454004BC76E /* NSItemProviderReading+Extension.swift */; };
		8B57ABB52BD26B52004BC76E /* HomeCollectionViewCell.swift in Sources */ = {isa = PBXBuildFile; fileRef = 8B57ABB42BD26B52004BC76E /* HomeCollectionViewCell.swift */; };
		8B57ABB82BD26F6E004BC76E /* PostDetailsView.swift in Sources */ = {isa = PBXBuildFile; fileRef = 8B57ABB72BD26F6E004BC76E /* PostDetailsView.swift */; };
		8B57ABBC2BD2C302004BC76E /* SearchViewController.swift in Sources */ = {isa = PBXBuildFile; fileRef = 8B57ABBB2BD2C302004BC76E /* SearchViewController.swift */; };
		8B57ABBE2BD2C395004BC76E /* SearchView.swift in Sources */ = {isa = PBXBuildFile; fileRef = 8B57ABBD2BD2C395004BC76E /* SearchView.swift */; };
/* End PBXBuildFile section */

/* Begin PBXFileReference section */
		8B3AFC952BD3DCF50069773F /* KingfisherManager.swift */ = {isa = PBXFileReference; lastKnownFileType = sourcecode.swift; path = KingfisherManager.swift; sourceTree = "<group>"; };
		8B3AFC972BD3E5D20069773F /* PersonalColor.swift */ = {isa = PBXFileReference; lastKnownFileType = sourcecode.swift; path = PersonalColor.swift; sourceTree = "<group>"; };
		8B3AFC9A2BD3FD750069773F /* PostDetailViewController.swift */ = {isa = PBXFileReference; lastKnownFileType = sourcecode.swift; path = PostDetailViewController.swift; sourceTree = "<group>"; };
		8B3AFC9C2BD3FD7F0069773F /* PostDetailView.swift */ = {isa = PBXFileReference; lastKnownFileType = sourcecode.swift; path = PostDetailView.swift; sourceTree = "<group>"; };
		8B3AFCA02BD3FD940069773F /* PostDetailViewModel.swift */ = {isa = PBXFileReference; lastKnownFileType = sourcecode.swift; path = PostDetailViewModel.swift; sourceTree = "<group>"; };
		8B3AFCA22BD40FE10069773F /* UserDataView.swift */ = {isa = PBXFileReference; lastKnownFileType = sourcecode.swift; path = UserDataView.swift; sourceTree = "<group>"; };
		8B3AFCA42BD4195B0069773F /* CommentManager.swift */ = {isa = PBXFileReference; lastKnownFileType = sourcecode.swift; path = CommentManager.swift; sourceTree = "<group>"; };
		8B3AFCA62BD420E30069773F /* RxProtocol.swift */ = {isa = PBXFileReference; lastKnownFileType = sourcecode.swift; path = RxProtocol.swift; sourceTree = "<group>"; };
		8B3AFCAA2BD428B60069773F /* PostImageCollectionViewCell.swift */ = {isa = PBXFileReference; lastKnownFileType = sourcecode.swift; path = PostImageCollectionViewCell.swift; sourceTree = "<group>"; };
		8B3AFCAE2BD42A660069773F /* UILabel+Extension.swift */ = {isa = PBXFileReference; lastKnownFileType = sourcecode.swift; path = "UILabel+Extension.swift"; sourceTree = "<group>"; };
		8B3AFCB02BD4343B0069773F /* BaseTableViewCell.swift */ = {isa = PBXFileReference; lastKnownFileType = sourcecode.swift; path = BaseTableViewCell.swift; sourceTree = "<group>"; };
		8B3AFCB22BD437F30069773F /* CommentTableViewCell.swift */ = {isa = PBXFileReference; lastKnownFileType = sourcecode.swift; path = CommentTableViewCell.swift; sourceTree = "<group>"; };
		8B3AFCB42BD4F3860069773F /* LikeModel.swift */ = {isa = PBXFileReference; lastKnownFileType = sourcecode.swift; path = LikeModel.swift; sourceTree = "<group>"; };
		8B3AFCB92BD522CE0069773F /* LikeManager.swift */ = {isa = PBXFileReference; lastKnownFileType = sourcecode.swift; path = LikeManager.swift; sourceTree = "<group>"; };
		8B3AFCBB2BD523AE0069773F /* CommentModel.swift */ = {isa = PBXFileReference; lastKnownFileType = sourcecode.swift; path = CommentModel.swift; sourceTree = "<group>"; };
		8B3AFCBD2BD539920069773F /* TokenManager.swift */ = {isa = PBXFileReference; lastKnownFileType = sourcecode.swift; path = TokenManager.swift; sourceTree = "<group>"; };
		8B3AFCBF2BD566210069773F /* TokenModel.swift */ = {isa = PBXFileReference; lastKnownFileType = sourcecode.swift; path = TokenModel.swift; sourceTree = "<group>"; };
		8B3AFCC22BD56B540069773F /* CustomSegmentedControl.swift */ = {isa = PBXFileReference; lastKnownFileType = sourcecode.swift; path = CustomSegmentedControl.swift; sourceTree = "<group>"; };
		8B3AFCDF2BD6958A0069773F /* SegmentCase.swift */ = {isa = PBXFileReference; lastKnownFileType = sourcecode.swift; path = SegmentCase.swift; sourceTree = "<group>"; };
		8B3AFCE22BD69AC80069773F /* FollowViewController.swift */ = {isa = PBXFileReference; lastKnownFileType = sourcecode.swift; path = FollowViewController.swift; sourceTree = "<group>"; };
		8B3AFCE42BD69AD10069773F /* FollowView.swift */ = {isa = PBXFileReference; lastKnownFileType = sourcecode.swift; path = FollowView.swift; sourceTree = "<group>"; };
		8B3AFCE62BD69AD70069773F /* FollowViewModel.swift */ = {isa = PBXFileReference; lastKnownFileType = sourcecode.swift; path = FollowViewModel.swift; sourceTree = "<group>"; };
		8B3AFCE82BD6D0B70069773F /* ProfileProtocol.swift */ = {isa = PBXFileReference; lastKnownFileType = sourcecode.swift; path = ProfileProtocol.swift; sourceTree = "<group>"; };
		8B3AFCEA2BD6D0EE0069773F /* Profile.swift */ = {isa = PBXFileReference; lastKnownFileType = sourcecode.swift; path = Profile.swift; sourceTree = "<group>"; };
		8B3AFD032BD7AC930069773F /* CountButtonView.swift */ = {isa = PBXFileReference; lastKnownFileType = sourcecode.swift; path = CountButtonView.swift; sourceTree = "<group>"; };
		8B3AFD082BD81D9F0069773F /* SaveViewController.swift */ = {isa = PBXFileReference; lastKnownFileType = sourcecode.swift; path = SaveViewController.swift; sourceTree = "<group>"; };
		8B3AFD0A2BD81DA50069773F /* SaveView.swift */ = {isa = PBXFileReference; lastKnownFileType = sourcecode.swift; path = SaveView.swift; sourceTree = "<group>"; };
		8B3AFD0C2BD81DAD0069773F /* SaveViewModel.swift */ = {isa = PBXFileReference; lastKnownFileType = sourcecode.swift; path = SaveViewModel.swift; sourceTree = "<group>"; };
		8B3AFD0E2BD833AC0069773F /* SaveCollectionViewCell.swift */ = {isa = PBXFileReference; lastKnownFileType = sourcecode.swift; path = SaveCollectionViewCell.swift; sourceTree = "<group>"; };
		8B3AFD132BD8D8D50069773F /* CustomTabBarViewController.swift */ = {isa = PBXFileReference; lastKnownFileType = sourcecode.swift; path = CustomTabBarViewController.swift; sourceTree = "<group>"; };
		8B3AFD152BD8EA050069773F /* OtherProfileViewController.swift */ = {isa = PBXFileReference; lastKnownFileType = sourcecode.swift; path = OtherProfileViewController.swift; sourceTree = "<group>"; };
		8B3AFD172BD8EA0C0069773F /* OtherProfileView.swift */ = {isa = PBXFileReference; lastKnownFileType = sourcecode.swift; path = OtherProfileView.swift; sourceTree = "<group>"; };
		8B3AFD192BD8EA140069773F /* OtherProfileViewModel.swift */ = {isa = PBXFileReference; lastKnownFileType = sourcecode.swift; path = OtherProfileViewModel.swift; sourceTree = "<group>"; };
		8B3AFD1B2BD8EDC70069773F /* ProfileCustomButton.swift */ = {isa = PBXFileReference; lastKnownFileType = sourcecode.swift; path = ProfileCustomButton.swift; sourceTree = "<group>"; };
		8B428C3E2BC980C700FD1B69 /* CosmeticCommunity.app */ = {isa = PBXFileReference; explicitFileType = wrapper.application; includeInIndex = 0; path = CosmeticCommunity.app; sourceTree = BUILT_PRODUCTS_DIR; };
		8B428C412BC980C700FD1B69 /* AppDelegate.swift */ = {isa = PBXFileReference; lastKnownFileType = sourcecode.swift; path = AppDelegate.swift; sourceTree = "<group>"; };
		8B428C432BC980C700FD1B69 /* SceneDelegate.swift */ = {isa = PBXFileReference; lastKnownFileType = sourcecode.swift; path = SceneDelegate.swift; sourceTree = "<group>"; };
		8B428C452BC980C700FD1B69 /* ViewController.swift */ = {isa = PBXFileReference; lastKnownFileType = sourcecode.swift; path = ViewController.swift; sourceTree = "<group>"; };
		8B428C482BC980C700FD1B69 /* Base */ = {isa = PBXFileReference; lastKnownFileType = file.storyboard; name = Base; path = Base.lproj/Main.storyboard; sourceTree = "<group>"; };
		8B428C4A2BC980C900FD1B69 /* Assets.xcassets */ = {isa = PBXFileReference; lastKnownFileType = folder.assetcatalog; path = Assets.xcassets; sourceTree = "<group>"; };
		8B428C4D2BC980C900FD1B69 /* Base */ = {isa = PBXFileReference; lastKnownFileType = file.storyboard; name = Base; path = Base.lproj/LaunchScreen.storyboard; sourceTree = "<group>"; };
		8B428C4F2BC980C900FD1B69 /* Info.plist */ = {isa = PBXFileReference; lastKnownFileType = text.plist.xml; path = Info.plist; sourceTree = "<group>"; };
		8B428C552BC9811600FD1B69 /* .gitignore */ = {isa = PBXFileReference; lastKnownFileType = text; path = .gitignore; sourceTree = "<group>"; };
		8B428C582BC981D100FD1B69 /* APIKey.swift */ = {isa = PBXFileReference; lastKnownFileType = sourcecode.swift; path = APIKey.swift; sourceTree = "<group>"; };
		8B428C5D2BCAB4D900FD1B69 /* BaseViewController.swift */ = {isa = PBXFileReference; lastKnownFileType = sourcecode.swift; path = BaseViewController.swift; sourceTree = "<group>"; };
		8B428C5F2BCAB4FF00FD1B69 /* BaseView.swift */ = {isa = PBXFileReference; lastKnownFileType = sourcecode.swift; path = BaseView.swift; sourceTree = "<group>"; };
		8B428C612BCAB52B00FD1B69 /* BaseCollectionViewCell.swift */ = {isa = PBXFileReference; lastKnownFileType = sourcecode.swift; path = BaseCollectionViewCell.swift; sourceTree = "<group>"; };
		8B428C642BCAB58300FD1B69 /* UIView+Extension.swift */ = {isa = PBXFileReference; lastKnownFileType = sourcecode.swift; path = "UIView+Extension.swift"; sourceTree = "<group>"; };
		8B428C6B2BCAB84200FD1B69 /* MyProfileViewController.swift */ = {isa = PBXFileReference; lastKnownFileType = sourcecode.swift; path = MyProfileViewController.swift; sourceTree = "<group>"; };
		8B428C6E2BCAB88600FD1B69 /* MyProfileViewModel.swift */ = {isa = PBXFileReference; lastKnownFileType = sourcecode.swift; path = MyProfileViewModel.swift; sourceTree = "<group>"; };
		8B428C722BCAB89E00FD1B69 /* MyProfileView.swift */ = {isa = PBXFileReference; lastKnownFileType = sourcecode.swift; path = MyProfileView.swift; sourceTree = "<group>"; };
		8B428C862BCACA6900FD1B69 /* NotLoginView.swift */ = {isa = PBXFileReference; lastKnownFileType = sourcecode.swift; path = NotLoginView.swift; sourceTree = "<group>"; };
		8B428C892BCACABA00FD1B69 /* Constants.swift */ = {isa = PBXFileReference; lastKnownFileType = sourcecode.swift; path = Constants.swift; sourceTree = "<group>"; };
		8B428C8B2BCB708000FD1B69 /* PointButton.swift */ = {isa = PBXFileReference; lastKnownFileType = sourcecode.swift; path = PointButton.swift; sourceTree = "<group>"; };
		8B428C8D2BCBC25D00FD1B69 /* InputOutput.swift */ = {isa = PBXFileReference; lastKnownFileType = sourcecode.swift; path = InputOutput.swift; sourceTree = "<group>"; };
		8B428C8F2BCBCA9400FD1B69 /* NetworkManager.swift */ = {isa = PBXFileReference; lastKnownFileType = sourcecode.swift; path = NetworkManager.swift; sourceTree = "<group>"; };
		8B428C912BCBCB3600FD1B69 /* UserManager.swift */ = {isa = PBXFileReference; lastKnownFileType = sourcecode.swift; path = UserManager.swift; sourceTree = "<group>"; };
		8B428C932BCC126200FD1B69 /* UserDefaultKey.swift */ = {isa = PBXFileReference; lastKnownFileType = sourcecode.swift; path = UserDefaultKey.swift; sourceTree = "<group>"; };
		8B428C952BCC128300FD1B69 /* Network.swift */ = {isa = PBXFileReference; lastKnownFileType = sourcecode.swift; path = Network.swift; sourceTree = "<group>"; };
		8B428C972BCC136D00FD1B69 /* Router.swift */ = {isa = PBXFileReference; lastKnownFileType = sourcecode.swift; path = Router.swift; sourceTree = "<group>"; };
		8B428C992BCC13D000FD1B69 /* RouterType.swift */ = {isa = PBXFileReference; lastKnownFileType = sourcecode.swift; path = RouterType.swift; sourceTree = "<group>"; };
		8B428C9C2BCC233700FD1B69 /* UserModel.swift */ = {isa = PBXFileReference; lastKnownFileType = sourcecode.swift; path = UserModel.swift; sourceTree = "<group>"; };
		8B428C9F2BCCA7E700FD1B69 /* NotLoginViewController.swift */ = {isa = PBXFileReference; lastKnownFileType = sourcecode.swift; path = NotLoginViewController.swift; sourceTree = "<group>"; };
		8B428CA32BCCAA2600FD1B69 /* LoginViewController.swift */ = {isa = PBXFileReference; lastKnownFileType = sourcecode.swift; path = LoginViewController.swift; sourceTree = "<group>"; };
		8B428CA52BCCAA2E00FD1B69 /* LoginViewModel.swift */ = {isa = PBXFileReference; lastKnownFileType = sourcecode.swift; path = LoginViewModel.swift; sourceTree = "<group>"; };
		8B428CA72BCCAA3400FD1B69 /* LoginView.swift */ = {isa = PBXFileReference; lastKnownFileType = sourcecode.swift; path = LoginView.swift; sourceTree = "<group>"; };
		8B428CC92BCD1CE500FD1B69 /* RegisterViewController.swift */ = {isa = PBXFileReference; lastKnownFileType = sourcecode.swift; path = RegisterViewController.swift; sourceTree = "<group>"; };
		8B428CCB2BCD1CED00FD1B69 /* RegisterView.swift */ = {isa = PBXFileReference; lastKnownFileType = sourcecode.swift; path = RegisterView.swift; sourceTree = "<group>"; };
		8B428CCD2BCD1CF400FD1B69 /* ReigsterViewModel.swift */ = {isa = PBXFileReference; lastKnownFileType = sourcecode.swift; path = ReigsterViewModel.swift; sourceTree = "<group>"; };
		8B428CD22BCE000A00FD1B69 /* UploadViewController.swift */ = {isa = PBXFileReference; lastKnownFileType = sourcecode.swift; path = UploadViewController.swift; sourceTree = "<group>"; };
		8B428CD42BCE001400FD1B69 /* UploadView.swift */ = {isa = PBXFileReference; lastKnownFileType = sourcecode.swift; path = UploadView.swift; sourceTree = "<group>"; };
		8B428CD62BCE001C00FD1B69 /* UploadViewModel.swift */ = {isa = PBXFileReference; lastKnownFileType = sourcecode.swift; path = UploadViewModel.swift; sourceTree = "<group>"; };
		8B428CF22BCE865C00FD1B69 /* PostModel.swift */ = {isa = PBXFileReference; lastKnownFileType = sourcecode.swift; path = PostModel.swift; sourceTree = "<group>"; };
		8B428CF42BCEA73E00FD1B69 /* HomeViewModel.swift */ = {isa = PBXFileReference; lastKnownFileType = sourcecode.swift; path = HomeViewModel.swift; sourceTree = "<group>"; };
		8B428CF62BCEA74800FD1B69 /* HomeView.swift */ = {isa = PBXFileReference; lastKnownFileType = sourcecode.swift; path = HomeView.swift; sourceTree = "<group>"; };
		8B428CF82BCEA74E00FD1B69 /* HomeViewController.swift */ = {isa = PBXFileReference; lastKnownFileType = sourcecode.swift; path = HomeViewController.swift; sourceTree = "<group>"; };
		8B428D022BCF9EB500FD1B69 /* UIViewController+Extension.swift */ = {isa = PBXFileReference; lastKnownFileType = sourcecode.swift; path = "UIViewController+Extension.swift"; sourceTree = "<group>"; };
		8B428D042BCFA1B600FD1B69 /* PostManager.swift */ = {isa = PBXFileReference; lastKnownFileType = sourcecode.swift; path = PostManager.swift; sourceTree = "<group>"; };
		8B57AB922BD13A02004BC76E /* UploadPhotosCollectionViewCell.swift */ = {isa = PBXFileReference; lastKnownFileType = sourcecode.swift; path = UploadPhotosCollectionViewCell.swift; sourceTree = "<group>"; };
		8B57ABB22BD26454004BC76E /* NSItemProviderReading+Extension.swift */ = {isa = PBXFileReference; lastKnownFileType = sourcecode.swift; path = "NSItemProviderReading+Extension.swift"; sourceTree = "<group>"; };
		8B57ABB42BD26B52004BC76E /* HomeCollectionViewCell.swift */ = {isa = PBXFileReference; lastKnownFileType = sourcecode.swift; path = HomeCollectionViewCell.swift; sourceTree = "<group>"; };
		8B57ABB72BD26F6E004BC76E /* PostDetailsView.swift */ = {isa = PBXFileReference; lastKnownFileType = sourcecode.swift; path = PostDetailsView.swift; sourceTree = "<group>"; };
		8B57ABBB2BD2C302004BC76E /* SearchViewController.swift */ = {isa = PBXFileReference; lastKnownFileType = sourcecode.swift; path = SearchViewController.swift; sourceTree = "<group>"; };
		8B57ABBD2BD2C395004BC76E /* SearchView.swift */ = {isa = PBXFileReference; lastKnownFileType = sourcecode.swift; path = SearchView.swift; sourceTree = "<group>"; };
/* End PBXFileReference section */

/* Begin PBXFrameworksBuildPhase section */
		8B428C3B2BC980C700FD1B69 /* Frameworks */ = {
			isa = PBXFrameworksBuildPhase;
			buildActionMask = 2147483647;
			files = (
				8B3AFCB82BD517EA0069773F /* IQKeyboardManagerSwift in Frameworks */,
				8B428C842BCAB95100FD1B69 /* RxSwift in Frameworks */,
				8B428C7C2BCAB92D00FD1B69 /* Kingfisher in Frameworks */,
				8B428C7F2BCAB93800FD1B69 /* SnapKit in Frameworks */,
				8B428C822BCAB95100FD1B69 /* RxCocoa in Frameworks */,
				8B428C762BCAB91300FD1B69 /* Toast in Frameworks */,
				8B428C792BCAB92500FD1B69 /* Alamofire in Frameworks */,
			);
			runOnlyForDeploymentPostprocessing = 0;
		};
/* End PBXFrameworksBuildPhase section */

/* Begin PBXGroup section */
		8B3AFC992BD3FD630069773F /* PostDetail */ = {
			isa = PBXGroup;
			children = (
				8B3AFC9A2BD3FD750069773F /* PostDetailViewController.swift */,
				8B3AFCA02BD3FD940069773F /* PostDetailViewModel.swift */,
				8B3AFC9C2BD3FD7F0069773F /* PostDetailView.swift */,
				8B3AFCAA2BD428B60069773F /* PostImageCollectionViewCell.swift */,
				8B3AFCB22BD437F30069773F /* CommentTableViewCell.swift */,
			);
			path = PostDetail;
			sourceTree = "<group>";
		};
		8B3AFCC12BD56B420069773F /* SegmentedControl */ = {
			isa = PBXGroup;
			children = (
				8B3AFCC22BD56B540069773F /* CustomSegmentedControl.swift */,
			);
			path = SegmentedControl;
			sourceTree = "<group>";
		};
		8B3AFCE12BD69AAC0069773F /* Follow */ = {
			isa = PBXGroup;
			children = (
				8B3AFCE22BD69AC80069773F /* FollowViewController.swift */,
				8B3AFCE62BD69AD70069773F /* FollowViewModel.swift */,
				8B3AFCE42BD69AD10069773F /* FollowView.swift */,
			);
			path = Follow;
			sourceTree = "<group>";
		};
		8B3AFD002BD7AC4B0069773F /* MyProfile */ = {
			isa = PBXGroup;
			children = (
				8B428C6B2BCAB84200FD1B69 /* MyProfileViewController.swift */,
				8B428C6E2BCAB88600FD1B69 /* MyProfileViewModel.swift */,
				8B428C722BCAB89E00FD1B69 /* MyProfileView.swift */,
			);
			path = MyProfile;
			sourceTree = "<group>";
		};
		8B3AFD012BD7AC4E0069773F /* OtherProfile */ = {
			isa = PBXGroup;
			children = (
				8B3AFD152BD8EA050069773F /* OtherProfileViewController.swift */,
				8B3AFD192BD8EA140069773F /* OtherProfileViewModel.swift */,
				8B3AFD172BD8EA0C0069773F /* OtherProfileView.swift */,
			);
			path = OtherProfile;
			sourceTree = "<group>";
		};
		8B3AFD072BD81D930069773F /* Save */ = {
			isa = PBXGroup;
			children = (
				8B3AFD082BD81D9F0069773F /* SaveViewController.swift */,
				8B3AFD0C2BD81DAD0069773F /* SaveViewModel.swift */,
				8B3AFD0A2BD81DA50069773F /* SaveView.swift */,
				8B3AFD0E2BD833AC0069773F /* SaveCollectionViewCell.swift */,
			);
			path = Save;
			sourceTree = "<group>";
		};
		8B3AFD122BD8D8BB0069773F /* Tabbar */ = {
			isa = PBXGroup;
			children = (
				8B3AFD132BD8D8D50069773F /* CustomTabBarViewController.swift */,
			);
			path = Tabbar;
			sourceTree = "<group>";
		};
		8B428C352BC980C700FD1B69 = {
			isa = PBXGroup;
			children = (
				8B428C552BC9811600FD1B69 /* .gitignore */,
				8B428C402BC980C700FD1B69 /* CosmeticCommunity */,
				8B428C3F2BC980C700FD1B69 /* Products */,
			);
			sourceTree = "<group>";
		};
		8B428C3F2BC980C700FD1B69 /* Products */ = {
			isa = PBXGroup;
			children = (
				8B428C3E2BC980C700FD1B69 /* CosmeticCommunity.app */,
			);
			name = Products;
			sourceTree = "<group>";
		};
		8B428C402BC980C700FD1B69 /* CosmeticCommunity */ = {
			isa = PBXGroup;
			children = (
				8B428C882BCACAA000FD1B69 /* Enum */,
				8B428C572BC981C200FD1B69 /* Network */,
				8B428C5B2BCAB4C600FD1B69 /* Extension */,
				8B428C5C2BCAB4CA00FD1B69 /* Protocol */,
				8B428C5A2BCAB4C200FD1B69 /* Base */,
				8B428C852BCACA4300FD1B69 /* CustomView */,
				8B428C662BCAB5B900FD1B69 /* Code */,
				8B428C412BC980C700FD1B69 /* AppDelegate.swift */,
				8B428C432BC980C700FD1B69 /* SceneDelegate.swift */,
				8B428C452BC980C700FD1B69 /* ViewController.swift */,
				8B428C472BC980C700FD1B69 /* Main.storyboard */,
				8B428C4A2BC980C900FD1B69 /* Assets.xcassets */,
				8B428C4C2BC980C900FD1B69 /* LaunchScreen.storyboard */,
				8B428C4F2BC980C900FD1B69 /* Info.plist */,
			);
			path = CosmeticCommunity;
			sourceTree = "<group>";
		};
		8B428C572BC981C200FD1B69 /* Network */ = {
			isa = PBXGroup;
			children = (
				8B428C682BCAB5DC00FD1B69 /* Manager */,
				8B428C9B2BCC232400FD1B69 /* Model */,
				8B428C582BC981D100FD1B69 /* APIKey.swift */,
				8B428C972BCC136D00FD1B69 /* Router.swift */,
			);
			path = Network;
			sourceTree = "<group>";
		};
		8B428C5A2BCAB4C200FD1B69 /* Base */ = {
			isa = PBXGroup;
			children = (
				8B428C5D2BCAB4D900FD1B69 /* BaseViewController.swift */,
				8B428C5F2BCAB4FF00FD1B69 /* BaseView.swift */,
				8B428C612BCAB52B00FD1B69 /* BaseCollectionViewCell.swift */,
				8B3AFCB02BD4343B0069773F /* BaseTableViewCell.swift */,
			);
			path = Base;
			sourceTree = "<group>";
		};
		8B428C5B2BCAB4C600FD1B69 /* Extension */ = {
			isa = PBXGroup;
			children = (
				8B428C642BCAB58300FD1B69 /* UIView+Extension.swift */,
				8B428D022BCF9EB500FD1B69 /* UIViewController+Extension.swift */,
				8B57ABB22BD26454004BC76E /* NSItemProviderReading+Extension.swift */,
				8B3AFCAE2BD42A660069773F /* UILabel+Extension.swift */,
			);
			path = Extension;
			sourceTree = "<group>";
		};
		8B428C5C2BCAB4CA00FD1B69 /* Protocol */ = {
			isa = PBXGroup;
			children = (
				8B428C8D2BCBC25D00FD1B69 /* InputOutput.swift */,
				8B428C992BCC13D000FD1B69 /* RouterType.swift */,
				8B3AFCA62BD420E30069773F /* RxProtocol.swift */,
				8B3AFCDF2BD6958A0069773F /* SegmentCase.swift */,
				8B3AFCE82BD6D0B70069773F /* ProfileProtocol.swift */,
			);
			path = Protocol;
			sourceTree = "<group>";
		};
		8B428C662BCAB5B900FD1B69 /* Code */ = {
			isa = PBXGroup;
			children = (
				8B3AFD072BD81D930069773F /* Save */,
				8B428CA12BCCA98B00FD1B69 /* Member */,
				8B428CD12BCDFFEE00FD1B69 /* Upload */,
				8B428C692BCAB62000FD1B69 /* Main */,
				8B3AFC992BD3FD630069773F /* PostDetail */,
				8B428C6A2BCAB63D00FD1B69 /* Profile */,
			);
			path = Code;
			sourceTree = "<group>";
		};
		8B428C682BCAB5DC00FD1B69 /* Manager */ = {
			isa = PBXGroup;
			children = (
				8B428C8F2BCBCA9400FD1B69 /* NetworkManager.swift */,
				8B3AFCBD2BD539920069773F /* TokenManager.swift */,
				8B428C912BCBCB3600FD1B69 /* UserManager.swift */,
				8B428D042BCFA1B600FD1B69 /* PostManager.swift */,
				8B3AFCB92BD522CE0069773F /* LikeManager.swift */,
				8B3AFCA42BD4195B0069773F /* CommentManager.swift */,
				8B3AFC952BD3DCF50069773F /* KingfisherManager.swift */,
			);
			path = Manager;
			sourceTree = "<group>";
		};
		8B428C692BCAB62000FD1B69 /* Main */ = {
			isa = PBXGroup;
			children = (
				8B57ABB92BD2C2E4004BC76E /* Home */,
				8B57ABBA2BD2C2ED004BC76E /* Search */,
			);
			path = Main;
			sourceTree = "<group>";
		};
		8B428C6A2BCAB63D00FD1B69 /* Profile */ = {
			isa = PBXGroup;
			children = (
				8B3AFCE12BD69AAC0069773F /* Follow */,
				8B428C6D2BCAB87C00FD1B69 /* Profile */,
			);
			path = Profile;
			sourceTree = "<group>";
		};
		8B428C6D2BCAB87C00FD1B69 /* Profile */ = {
			isa = PBXGroup;
			children = (
				8B3AFD032BD7AC930069773F /* CountButtonView.swift */,
				8B3AFD012BD7AC4E0069773F /* OtherProfile */,
				8B3AFD002BD7AC4B0069773F /* MyProfile */,
			);
			path = Profile;
			sourceTree = "<group>";
		};
		8B428C852BCACA4300FD1B69 /* CustomView */ = {
			isa = PBXGroup;
			children = (
				8B3AFD122BD8D8BB0069773F /* Tabbar */,
				8B3AFCC12BD56B420069773F /* SegmentedControl */,
				8B57ABB62BD26F62004BC76E /* View */,
				8B428CA92BCCABF800FD1B69 /* Button */,
				8B428C9E2BCCA7D400FD1B69 /* NotLogin */,
			);
			path = CustomView;
			sourceTree = "<group>";
		};
		8B428C882BCACAA000FD1B69 /* Enum */ = {
			isa = PBXGroup;
			children = (
				8B428C892BCACABA00FD1B69 /* Constants.swift */,
				8B428C932BCC126200FD1B69 /* UserDefaultKey.swift */,
				8B428C952BCC128300FD1B69 /* Network.swift */,
				8B3AFC972BD3E5D20069773F /* PersonalColor.swift */,
				8B3AFCEA2BD6D0EE0069773F /* Profile.swift */,
			);
			path = Enum;
			sourceTree = "<group>";
		};
		8B428C9B2BCC232400FD1B69 /* Model */ = {
			isa = PBXGroup;
			children = (
				8B3AFCBF2BD566210069773F /* TokenModel.swift */,
				8B428C9C2BCC233700FD1B69 /* UserModel.swift */,
				8B428CF22BCE865C00FD1B69 /* PostModel.swift */,
				8B3AFCB42BD4F3860069773F /* LikeModel.swift */,
				8B3AFCBB2BD523AE0069773F /* CommentModel.swift */,
			);
			path = Model;
			sourceTree = "<group>";
		};
		8B428C9E2BCCA7D400FD1B69 /* NotLogin */ = {
			isa = PBXGroup;
			children = (
				8B428C862BCACA6900FD1B69 /* NotLoginView.swift */,
				8B428C9F2BCCA7E700FD1B69 /* NotLoginViewController.swift */,
			);
			path = NotLogin;
			sourceTree = "<group>";
		};
		8B428CA12BCCA98B00FD1B69 /* Member */ = {
			isa = PBXGroup;
			children = (
				8B428CC82BCD1CDB00FD1B69 /* Register */,
				8B428CA22BCCA99E00FD1B69 /* Login */,
			);
			path = Member;
			sourceTree = "<group>";
		};
		8B428CA22BCCA99E00FD1B69 /* Login */ = {
			isa = PBXGroup;
			children = (
				8B428CA32BCCAA2600FD1B69 /* LoginViewController.swift */,
				8B428CA52BCCAA2E00FD1B69 /* LoginViewModel.swift */,
				8B428CA72BCCAA3400FD1B69 /* LoginView.swift */,
			);
			path = Login;
			sourceTree = "<group>";
		};
		8B428CA92BCCABF800FD1B69 /* Button */ = {
			isa = PBXGroup;
			children = (
				8B428C8B2BCB708000FD1B69 /* PointButton.swift */,
				8B3AFD1B2BD8EDC70069773F /* ProfileCustomButton.swift */,
			);
			path = Button;
			sourceTree = "<group>";
		};
		8B428CC82BCD1CDB00FD1B69 /* Register */ = {
			isa = PBXGroup;
			children = (
				8B428CC92BCD1CE500FD1B69 /* RegisterViewController.swift */,
				8B428CCD2BCD1CF400FD1B69 /* ReigsterViewModel.swift */,
				8B428CCB2BCD1CED00FD1B69 /* RegisterView.swift */,
			);
			path = Register;
			sourceTree = "<group>";
		};
		8B428CD12BCDFFEE00FD1B69 /* Upload */ = {
			isa = PBXGroup;
			children = (
				8B428CD22BCE000A00FD1B69 /* UploadViewController.swift */,
				8B428CD62BCE001C00FD1B69 /* UploadViewModel.swift */,
				8B428CD42BCE001400FD1B69 /* UploadView.swift */,
				8B57AB922BD13A02004BC76E /* UploadPhotosCollectionViewCell.swift */,
			);
			path = Upload;
			sourceTree = "<group>";
		};
		8B57ABB62BD26F62004BC76E /* View */ = {
			isa = PBXGroup;
			children = (
				8B57ABB72BD26F6E004BC76E /* PostDetailsView.swift */,
				8B3AFCA22BD40FE10069773F /* UserDataView.swift */,
			);
			path = View;
			sourceTree = "<group>";
		};
		8B57ABB92BD2C2E4004BC76E /* Home */ = {
			isa = PBXGroup;
			children = (
				8B428CF82BCEA74E00FD1B69 /* HomeViewController.swift */,
				8B428CF42BCEA73E00FD1B69 /* HomeViewModel.swift */,
				8B428CF62BCEA74800FD1B69 /* HomeView.swift */,
				8B57ABB42BD26B52004BC76E /* HomeCollectionViewCell.swift */,
			);
			path = Home;
			sourceTree = "<group>";
		};
		8B57ABBA2BD2C2ED004BC76E /* Search */ = {
			isa = PBXGroup;
			children = (
				8B57ABBB2BD2C302004BC76E /* SearchViewController.swift */,
				8B57ABBD2BD2C395004BC76E /* SearchView.swift */,
			);
			path = Search;
			sourceTree = "<group>";
		};
/* End PBXGroup section */

/* Begin PBXNativeTarget section */
		8B428C3D2BC980C700FD1B69 /* CosmeticCommunity */ = {
			isa = PBXNativeTarget;
			buildConfigurationList = 8B428C522BC980C900FD1B69 /* Build configuration list for PBXNativeTarget "CosmeticCommunity" */;
			buildPhases = (
				8B428C3A2BC980C700FD1B69 /* Sources */,
				8B428C3B2BC980C700FD1B69 /* Frameworks */,
				8B428C3C2BC980C700FD1B69 /* Resources */,
			);
			buildRules = (
			);
			dependencies = (
			);
			name = CosmeticCommunity;
			packageProductDependencies = (
				8B428C752BCAB91300FD1B69 /* Toast */,
				8B428C782BCAB92500FD1B69 /* Alamofire */,
				8B428C7B2BCAB92D00FD1B69 /* Kingfisher */,
				8B428C7E2BCAB93800FD1B69 /* SnapKit */,
				8B428C812BCAB95100FD1B69 /* RxCocoa */,
				8B428C832BCAB95100FD1B69 /* RxSwift */,
				8B3AFCB72BD517EA0069773F /* IQKeyboardManagerSwift */,
			);
			productName = CosmeticCommunity;
			productReference = 8B428C3E2BC980C700FD1B69 /* CosmeticCommunity.app */;
			productType = "com.apple.product-type.application";
		};
/* End PBXNativeTarget section */

/* Begin PBXProject section */
		8B428C362BC980C700FD1B69 /* Project object */ = {
			isa = PBXProject;
			attributes = {
				BuildIndependentTargetsInParallel = 1;
				LastSwiftUpdateCheck = 1500;
				LastUpgradeCheck = 1500;
				TargetAttributes = {
					8B428C3D2BC980C700FD1B69 = {
						CreatedOnToolsVersion = 15.0;
					};
				};
			};
			buildConfigurationList = 8B428C392BC980C700FD1B69 /* Build configuration list for PBXProject "CosmeticCommunity" */;
			compatibilityVersion = "Xcode 14.0";
			developmentRegion = en;
			hasScannedForEncodings = 0;
			knownRegions = (
				en,
				Base,
			);
			mainGroup = 8B428C352BC980C700FD1B69;
			packageReferences = (
				8B428C742BCAB91300FD1B69 /* XCRemoteSwiftPackageReference "Toast-Swift" */,
				8B428C772BCAB92500FD1B69 /* XCRemoteSwiftPackageReference "Alamofire" */,
				8B428C7A2BCAB92D00FD1B69 /* XCRemoteSwiftPackageReference "Kingfisher" */,
				8B428C7D2BCAB93700FD1B69 /* XCRemoteSwiftPackageReference "SnapKit" */,
				8B428C802BCAB95100FD1B69 /* XCRemoteSwiftPackageReference "RxSwift" */,
				8B3AFCB62BD517EA0069773F /* XCRemoteSwiftPackageReference "IQKeyboardManager" */,
			);
			productRefGroup = 8B428C3F2BC980C700FD1B69 /* Products */;
			projectDirPath = "";
			projectRoot = "";
			targets = (
				8B428C3D2BC980C700FD1B69 /* CosmeticCommunity */,
			);
		};
/* End PBXProject section */

/* Begin PBXResourcesBuildPhase section */
		8B428C3C2BC980C700FD1B69 /* Resources */ = {
			isa = PBXResourcesBuildPhase;
			buildActionMask = 2147483647;
			files = (
				8B428C562BC9811600FD1B69 /* .gitignore in Resources */,
				8B428C4E2BC980C900FD1B69 /* LaunchScreen.storyboard in Resources */,
				8B428C4B2BC980C900FD1B69 /* Assets.xcassets in Resources */,
				8B428C492BC980C700FD1B69 /* Main.storyboard in Resources */,
			);
			runOnlyForDeploymentPostprocessing = 0;
		};
/* End PBXResourcesBuildPhase section */

/* Begin PBXSourcesBuildPhase section */
		8B428C3A2BC980C700FD1B69 /* Sources */ = {
			isa = PBXSourcesBuildPhase;
			buildActionMask = 2147483647;
			files = (
				8B428CCE2BCD1CF400FD1B69 /* ReigsterViewModel.swift in Sources */,
				8B428CD72BCE001C00FD1B69 /* UploadViewModel.swift in Sources */,
				8B428CD32BCE000A00FD1B69 /* UploadViewController.swift in Sources */,
				8B3AFC9D2BD3FD7F0069773F /* PostDetailView.swift in Sources */,
				8B3AFD142BD8D8D50069773F /* CustomTabBarViewController.swift in Sources */,
				8B428D052BCFA1B600FD1B69 /* PostManager.swift in Sources */,
				8B428CCA2BCD1CE500FD1B69 /* RegisterViewController.swift in Sources */,
				8B428C8C2BCB708000FD1B69 /* PointButton.swift in Sources */,
				8B428C5E2BCAB4D900FD1B69 /* BaseViewController.swift in Sources */,
				8B3AFCA12BD3FD940069773F /* PostDetailViewModel.swift in Sources */,
				8B3AFD162BD8EA050069773F /* OtherProfileViewController.swift in Sources */,
				8B3AFD0D2BD81DAD0069773F /* SaveViewModel.swift in Sources */,
				8B428C622BCAB52B00FD1B69 /* BaseCollectionViewCell.swift in Sources */,
				8B3AFCB52BD4F3860069773F /* LikeModel.swift in Sources */,
				8B3AFD1C2BD8EDC70069773F /* ProfileCustomButton.swift in Sources */,
				8B428C652BCAB58300FD1B69 /* UIView+Extension.swift in Sources */,
				8B3AFCB32BD437F30069773F /* CommentTableViewCell.swift in Sources */,
				8B57ABB32BD26454004BC76E /* NSItemProviderReading+Extension.swift in Sources */,
				8B428C902BCBCA9400FD1B69 /* NetworkManager.swift in Sources */,
				8B428C9D2BCC233700FD1B69 /* UserModel.swift in Sources */,
				8B3AFCAB2BD428B60069773F /* PostImageCollectionViewCell.swift in Sources */,
				8B3AFCEB2BD6D0EE0069773F /* Profile.swift in Sources */,
				8B3AFCE72BD69AD70069773F /* FollowViewModel.swift in Sources */,
				8B428CF72BCEA74800FD1B69 /* HomeView.swift in Sources */,
				8B3AFD182BD8EA0C0069773F /* OtherProfileView.swift in Sources */,
				8B3AFD0B2BD81DA50069773F /* SaveView.swift in Sources */,
				8B3AFCBC2BD523AE0069773F /* CommentModel.swift in Sources */,
				8B57AB932BD13A02004BC76E /* UploadPhotosCollectionViewCell.swift in Sources */,
				8B428C462BC980C700FD1B69 /* ViewController.swift in Sources */,
				8B3AFCA32BD40FE10069773F /* UserDataView.swift in Sources */,
				8B3AFD042BD7AC930069773F /* CountButtonView.swift in Sources */,
				8B3AFCE92BD6D0B70069773F /* ProfileProtocol.swift in Sources */,
				8B57ABBC2BD2C302004BC76E /* SearchViewController.swift in Sources */,
				8B428C6F2BCAB88600FD1B69 /* MyProfileViewModel.swift in Sources */,
				8B3AFCAF2BD42A660069773F /* UILabel+Extension.swift in Sources */,
				8B428CA82BCCAA3400FD1B69 /* LoginView.swift in Sources */,
				8B428CF32BCE865C00FD1B69 /* PostModel.swift in Sources */,
				8B428CF52BCEA73F00FD1B69 /* HomeViewModel.swift in Sources */,
				8B3AFD1A2BD8EA140069773F /* OtherProfileViewModel.swift in Sources */,
				8B3AFCE52BD69AD10069773F /* FollowView.swift in Sources */,
				8B428C422BC980C700FD1B69 /* AppDelegate.swift in Sources */,
				8B57ABB52BD26B52004BC76E /* HomeCollectionViewCell.swift in Sources */,
				8B3AFCE02BD6958A0069773F /* SegmentCase.swift in Sources */,
				8B428C602BCAB4FF00FD1B69 /* BaseView.swift in Sources */,
				8B3AFD0F2BD833AC0069773F /* SaveCollectionViewCell.swift in Sources */,
				8B428C6C2BCAB84200FD1B69 /* MyProfileViewController.swift in Sources */,
				8B428C592BC981D100FD1B69 /* APIKey.swift in Sources */,
				8B3AFC982BD3E5D20069773F /* PersonalColor.swift in Sources */,
				8B3AFCB12BD4343B0069773F /* BaseTableViewCell.swift in Sources */,
				8B3AFD092BD81D9F0069773F /* SaveViewController.swift in Sources */,
				8B57ABB82BD26F6E004BC76E /* PostDetailsView.swift in Sources */,
				8B3AFCC02BD566210069773F /* TokenModel.swift in Sources */,
				8B428CA42BCCAA2600FD1B69 /* LoginViewController.swift in Sources */,
				8B3AFCE32BD69AC80069773F /* FollowViewController.swift in Sources */,
				8B3AFCBE2BD539920069773F /* TokenManager.swift in Sources */,
				8B3AFC9B2BD3FD750069773F /* PostDetailViewController.swift in Sources */,
				8B428CA62BCCAA2E00FD1B69 /* LoginViewModel.swift in Sources */,
				8B3AFCC32BD56B540069773F /* CustomSegmentedControl.swift in Sources */,
				8B428D032BCF9EB500FD1B69 /* UIViewController+Extension.swift in Sources */,
				8B428C9A2BCC13D000FD1B69 /* RouterType.swift in Sources */,
				8B428CCC2BCD1CED00FD1B69 /* RegisterView.swift in Sources */,
				8B428C8A2BCACABA00FD1B69 /* Constants.swift in Sources */,
				8B57ABBE2BD2C395004BC76E /* SearchView.swift in Sources */,
				8B428C982BCC136D00FD1B69 /* Router.swift in Sources */,
				8B3AFCA72BD420E30069773F /* RxProtocol.swift in Sources */,
				8B428CA02BCCA7E700FD1B69 /* NotLoginViewController.swift in Sources */,
				8B428C962BCC128300FD1B69 /* Network.swift in Sources */,
				8B428C732BCAB89E00FD1B69 /* MyProfileView.swift in Sources */,
				8B428C872BCACA6900FD1B69 /* NotLoginView.swift in Sources */,
				8B428CF92BCEA74E00FD1B69 /* HomeViewController.swift in Sources */,
				8B428C942BCC126200FD1B69 /* UserDefaultKey.swift in Sources */,
				8B428C442BC980C700FD1B69 /* SceneDelegate.swift in Sources */,
				8B428C8E2BCBC25D00FD1B69 /* InputOutput.swift in Sources */,
				8B428C922BCBCB3600FD1B69 /* UserManager.swift in Sources */,
				8B3AFCA52BD4195B0069773F /* CommentManager.swift in Sources */,
				8B3AFC962BD3DCF50069773F /* KingfisherManager.swift in Sources */,
				8B3AFCBA2BD522CE0069773F /* LikeManager.swift in Sources */,
				8B428CD52BCE001400FD1B69 /* UploadView.swift in Sources */,
			);
			runOnlyForDeploymentPostprocessing = 0;
		};
/* End PBXSourcesBuildPhase section */

/* Begin PBXVariantGroup section */
		8B428C472BC980C700FD1B69 /* Main.storyboard */ = {
			isa = PBXVariantGroup;
			children = (
				8B428C482BC980C700FD1B69 /* Base */,
			);
			name = Main.storyboard;
			sourceTree = "<group>";
		};
		8B428C4C2BC980C900FD1B69 /* LaunchScreen.storyboard */ = {
			isa = PBXVariantGroup;
			children = (
				8B428C4D2BC980C900FD1B69 /* Base */,
			);
			name = LaunchScreen.storyboard;
			sourceTree = "<group>";
		};
/* End PBXVariantGroup section */

/* Begin XCBuildConfiguration section */
		8B428C502BC980C900FD1B69 /* Debug */ = {
			isa = XCBuildConfiguration;
			buildSettings = {
				ALWAYS_SEARCH_USER_PATHS = NO;
				ASSETCATALOG_COMPILER_GENERATE_SWIFT_ASSET_SYMBOL_EXTENSIONS = YES;
				CLANG_ANALYZER_NONNULL = YES;
				CLANG_ANALYZER_NUMBER_OBJECT_CONVERSION = YES_AGGRESSIVE;
				CLANG_CXX_LANGUAGE_STANDARD = "gnu++20";
				CLANG_ENABLE_MODULES = YES;
				CLANG_ENABLE_OBJC_ARC = YES;
				CLANG_ENABLE_OBJC_WEAK = YES;
				CLANG_WARN_BLOCK_CAPTURE_AUTORELEASING = YES;
				CLANG_WARN_BOOL_CONVERSION = YES;
				CLANG_WARN_COMMA = YES;
				CLANG_WARN_CONSTANT_CONVERSION = YES;
				CLANG_WARN_DEPRECATED_OBJC_IMPLEMENTATIONS = YES;
				CLANG_WARN_DIRECT_OBJC_ISA_USAGE = YES_ERROR;
				CLANG_WARN_DOCUMENTATION_COMMENTS = YES;
				CLANG_WARN_EMPTY_BODY = YES;
				CLANG_WARN_ENUM_CONVERSION = YES;
				CLANG_WARN_INFINITE_RECURSION = YES;
				CLANG_WARN_INT_CONVERSION = YES;
				CLANG_WARN_NON_LITERAL_NULL_CONVERSION = YES;
				CLANG_WARN_OBJC_IMPLICIT_RETAIN_SELF = YES;
				CLANG_WARN_OBJC_LITERAL_CONVERSION = YES;
				CLANG_WARN_OBJC_ROOT_CLASS = YES_ERROR;
				CLANG_WARN_QUOTED_INCLUDE_IN_FRAMEWORK_HEADER = YES;
				CLANG_WARN_RANGE_LOOP_ANALYSIS = YES;
				CLANG_WARN_STRICT_PROTOTYPES = YES;
				CLANG_WARN_SUSPICIOUS_MOVE = YES;
				CLANG_WARN_UNGUARDED_AVAILABILITY = YES_AGGRESSIVE;
				CLANG_WARN_UNREACHABLE_CODE = YES;
				CLANG_WARN__DUPLICATE_METHOD_MATCH = YES;
				COPY_PHASE_STRIP = NO;
				DEBUG_INFORMATION_FORMAT = dwarf;
				ENABLE_STRICT_OBJC_MSGSEND = YES;
				ENABLE_TESTABILITY = YES;
				ENABLE_USER_SCRIPT_SANDBOXING = YES;
				GCC_C_LANGUAGE_STANDARD = gnu17;
				GCC_DYNAMIC_NO_PIC = NO;
				GCC_NO_COMMON_BLOCKS = YES;
				GCC_OPTIMIZATION_LEVEL = 0;
				GCC_PREPROCESSOR_DEFINITIONS = (
					"DEBUG=1",
					"$(inherited)",
				);
				GCC_WARN_64_TO_32_BIT_CONVERSION = YES;
				GCC_WARN_ABOUT_RETURN_TYPE = YES_ERROR;
				GCC_WARN_UNDECLARED_SELECTOR = YES;
				GCC_WARN_UNINITIALIZED_AUTOS = YES_AGGRESSIVE;
				GCC_WARN_UNUSED_FUNCTION = YES;
				GCC_WARN_UNUSED_VARIABLE = YES;
				IPHONEOS_DEPLOYMENT_TARGET = 15.0;
				LOCALIZATION_PREFERS_STRING_CATALOGS = YES;
				MTL_ENABLE_DEBUG_INFO = INCLUDE_SOURCE;
				MTL_FAST_MATH = YES;
				ONLY_ACTIVE_ARCH = YES;
				SDKROOT = iphoneos;
				SWIFT_ACTIVE_COMPILATION_CONDITIONS = "DEBUG $(inherited)";
				SWIFT_OPTIMIZATION_LEVEL = "-Onone";
			};
			name = Debug;
		};
		8B428C512BC980C900FD1B69 /* Release */ = {
			isa = XCBuildConfiguration;
			buildSettings = {
				ALWAYS_SEARCH_USER_PATHS = NO;
				ASSETCATALOG_COMPILER_GENERATE_SWIFT_ASSET_SYMBOL_EXTENSIONS = YES;
				CLANG_ANALYZER_NONNULL = YES;
				CLANG_ANALYZER_NUMBER_OBJECT_CONVERSION = YES_AGGRESSIVE;
				CLANG_CXX_LANGUAGE_STANDARD = "gnu++20";
				CLANG_ENABLE_MODULES = YES;
				CLANG_ENABLE_OBJC_ARC = YES;
				CLANG_ENABLE_OBJC_WEAK = YES;
				CLANG_WARN_BLOCK_CAPTURE_AUTORELEASING = YES;
				CLANG_WARN_BOOL_CONVERSION = YES;
				CLANG_WARN_COMMA = YES;
				CLANG_WARN_CONSTANT_CONVERSION = YES;
				CLANG_WARN_DEPRECATED_OBJC_IMPLEMENTATIONS = YES;
				CLANG_WARN_DIRECT_OBJC_ISA_USAGE = YES_ERROR;
				CLANG_WARN_DOCUMENTATION_COMMENTS = YES;
				CLANG_WARN_EMPTY_BODY = YES;
				CLANG_WARN_ENUM_CONVERSION = YES;
				CLANG_WARN_INFINITE_RECURSION = YES;
				CLANG_WARN_INT_CONVERSION = YES;
				CLANG_WARN_NON_LITERAL_NULL_CONVERSION = YES;
				CLANG_WARN_OBJC_IMPLICIT_RETAIN_SELF = YES;
				CLANG_WARN_OBJC_LITERAL_CONVERSION = YES;
				CLANG_WARN_OBJC_ROOT_CLASS = YES_ERROR;
				CLANG_WARN_QUOTED_INCLUDE_IN_FRAMEWORK_HEADER = YES;
				CLANG_WARN_RANGE_LOOP_ANALYSIS = YES;
				CLANG_WARN_STRICT_PROTOTYPES = YES;
				CLANG_WARN_SUSPICIOUS_MOVE = YES;
				CLANG_WARN_UNGUARDED_AVAILABILITY = YES_AGGRESSIVE;
				CLANG_WARN_UNREACHABLE_CODE = YES;
				CLANG_WARN__DUPLICATE_METHOD_MATCH = YES;
				COPY_PHASE_STRIP = NO;
				DEBUG_INFORMATION_FORMAT = "dwarf-with-dsym";
				ENABLE_NS_ASSERTIONS = NO;
				ENABLE_STRICT_OBJC_MSGSEND = YES;
				ENABLE_USER_SCRIPT_SANDBOXING = YES;
				GCC_C_LANGUAGE_STANDARD = gnu17;
				GCC_NO_COMMON_BLOCKS = YES;
				GCC_WARN_64_TO_32_BIT_CONVERSION = YES;
				GCC_WARN_ABOUT_RETURN_TYPE = YES_ERROR;
				GCC_WARN_UNDECLARED_SELECTOR = YES;
				GCC_WARN_UNINITIALIZED_AUTOS = YES_AGGRESSIVE;
				GCC_WARN_UNUSED_FUNCTION = YES;
				GCC_WARN_UNUSED_VARIABLE = YES;
				IPHONEOS_DEPLOYMENT_TARGET = 15.0;
				LOCALIZATION_PREFERS_STRING_CATALOGS = YES;
				MTL_ENABLE_DEBUG_INFO = NO;
				MTL_FAST_MATH = YES;
				SDKROOT = iphoneos;
				SWIFT_COMPILATION_MODE = wholemodule;
				VALIDATE_PRODUCT = YES;
			};
			name = Release;
		};
		8B428C532BC980C900FD1B69 /* Debug */ = {
			isa = XCBuildConfiguration;
			buildSettings = {
				ASSETCATALOG_COMPILER_APPICON_NAME = AppIcon;
				ASSETCATALOG_COMPILER_GLOBAL_ACCENT_COLOR_NAME = AccentColor;
				CODE_SIGN_STYLE = Automatic;
				CURRENT_PROJECT_VERSION = 1;
				GENERATE_INFOPLIST_FILE = YES;
				INFOPLIST_FILE = CosmeticCommunity/Info.plist;
				INFOPLIST_KEY_CFBundleDisplayName = COCO;
				INFOPLIST_KEY_UIApplicationSupportsIndirectInputEvents = YES;
				INFOPLIST_KEY_UILaunchStoryboardName = LaunchScreen;
				INFOPLIST_KEY_UIMainStoryboardFile = Main;
				INFOPLIST_KEY_UISupportedInterfaceOrientations = UIInterfaceOrientationPortrait;
				INFOPLIST_KEY_UISupportedInterfaceOrientations_iPad = "UIInterfaceOrientationLandscapeLeft UIInterfaceOrientationLandscapeRight UIInterfaceOrientationPortrait UIInterfaceOrientationPortraitUpsideDown";
				IPHONEOS_DEPLOYMENT_TARGET = 16.0;
				LD_RUNPATH_SEARCH_PATHS = (
					"$(inherited)",
					"@executable_path/Frameworks",
				);
				MARKETING_VERSION = 1.0;
				PRODUCT_BUNDLE_IDENTIFIER = com.bami.CosmeticCommunity;
				PRODUCT_NAME = "$(TARGET_NAME)";
				SUPPORTED_PLATFORMS = "iphoneos iphonesimulator";
				SUPPORTS_MACCATALYST = NO;
				SUPPORTS_MAC_DESIGNED_FOR_IPHONE_IPAD = NO;
				SWIFT_EMIT_LOC_STRINGS = YES;
				SWIFT_VERSION = 5.0;
				TARGETED_DEVICE_FAMILY = 1;
			};
			name = Debug;
		};
		8B428C542BC980C900FD1B69 /* Release */ = {
			isa = XCBuildConfiguration;
			buildSettings = {
				ASSETCATALOG_COMPILER_APPICON_NAME = AppIcon;
				ASSETCATALOG_COMPILER_GLOBAL_ACCENT_COLOR_NAME = AccentColor;
				CODE_SIGN_STYLE = Automatic;
				CURRENT_PROJECT_VERSION = 1;
				GENERATE_INFOPLIST_FILE = YES;
				INFOPLIST_FILE = CosmeticCommunity/Info.plist;
				INFOPLIST_KEY_CFBundleDisplayName = COCO;
				INFOPLIST_KEY_UIApplicationSupportsIndirectInputEvents = YES;
				INFOPLIST_KEY_UILaunchStoryboardName = LaunchScreen;
				INFOPLIST_KEY_UIMainStoryboardFile = Main;
				INFOPLIST_KEY_UISupportedInterfaceOrientations = UIInterfaceOrientationPortrait;
				INFOPLIST_KEY_UISupportedInterfaceOrientations_iPad = "UIInterfaceOrientationLandscapeLeft UIInterfaceOrientationLandscapeRight UIInterfaceOrientationPortrait UIInterfaceOrientationPortraitUpsideDown";
				IPHONEOS_DEPLOYMENT_TARGET = 16.0;
				LD_RUNPATH_SEARCH_PATHS = (
					"$(inherited)",
					"@executable_path/Frameworks",
				);
				MARKETING_VERSION = 1.0;
				PRODUCT_BUNDLE_IDENTIFIER = com.bami.CosmeticCommunity;
				PRODUCT_NAME = "$(TARGET_NAME)";
				SUPPORTED_PLATFORMS = "iphoneos iphonesimulator";
				SUPPORTS_MACCATALYST = NO;
				SUPPORTS_MAC_DESIGNED_FOR_IPHONE_IPAD = NO;
				SWIFT_EMIT_LOC_STRINGS = YES;
				SWIFT_VERSION = 5.0;
				TARGETED_DEVICE_FAMILY = 1;
			};
			name = Release;
		};
/* End XCBuildConfiguration section */

/* Begin XCConfigurationList section */
		8B428C392BC980C700FD1B69 /* Build configuration list for PBXProject "CosmeticCommunity" */ = {
			isa = XCConfigurationList;
			buildConfigurations = (
				8B428C502BC980C900FD1B69 /* Debug */,
				8B428C512BC980C900FD1B69 /* Release */,
			);
			defaultConfigurationIsVisible = 0;
			defaultConfigurationName = Release;
		};
		8B428C522BC980C900FD1B69 /* Build configuration list for PBXNativeTarget "CosmeticCommunity" */ = {
			isa = XCConfigurationList;
			buildConfigurations = (
				8B428C532BC980C900FD1B69 /* Debug */,
				8B428C542BC980C900FD1B69 /* Release */,
			);
			defaultConfigurationIsVisible = 0;
			defaultConfigurationName = Release;
		};
/* End XCConfigurationList section */

/* Begin XCRemoteSwiftPackageReference section */
		8B3AFCB62BD517EA0069773F /* XCRemoteSwiftPackageReference "IQKeyboardManager" */ = {
			isa = XCRemoteSwiftPackageReference;
			repositoryURL = "https://github.com/hackiftekhar/IQKeyboardManager";
			requirement = {
				kind = upToNextMajorVersion;
				minimumVersion = 7.0.2;
			};
		};
		8B428C742BCAB91300FD1B69 /* XCRemoteSwiftPackageReference "Toast-Swift" */ = {
			isa = XCRemoteSwiftPackageReference;
			repositoryURL = "https://github.com/scalessec/Toast-Swift";
			requirement = {
				kind = upToNextMajorVersion;
				minimumVersion = 5.1.1;
			};
		};
		8B428C772BCAB92500FD1B69 /* XCRemoteSwiftPackageReference "Alamofire" */ = {
			isa = XCRemoteSwiftPackageReference;
			repositoryURL = "https://github.com/Alamofire/Alamofire";
			requirement = {
				kind = upToNextMajorVersion;
				minimumVersion = 5.9.1;
			};
		};
		8B428C7A2BCAB92D00FD1B69 /* XCRemoteSwiftPackageReference "Kingfisher" */ = {
			isa = XCRemoteSwiftPackageReference;
			repositoryURL = "https://github.com/onevcat/Kingfisher";
			requirement = {
				kind = upToNextMajorVersion;
				minimumVersion = 7.11.0;
			};
		};
		8B428C7D2BCAB93700FD1B69 /* XCRemoteSwiftPackageReference "SnapKit" */ = {
			isa = XCRemoteSwiftPackageReference;
			repositoryURL = "https://github.com/SnapKit/SnapKit";
			requirement = {
				kind = upToNextMajorVersion;
				minimumVersion = 5.7.1;
			};
		};
		8B428C802BCAB95100FD1B69 /* XCRemoteSwiftPackageReference "RxSwift" */ = {
			isa = XCRemoteSwiftPackageReference;
			repositoryURL = "https://github.com/ReactiveX/RxSwift";
			requirement = {
				kind = upToNextMajorVersion;
				minimumVersion = 6.6.0;
			};
		};
/* End XCRemoteSwiftPackageReference section */

/* Begin XCSwiftPackageProductDependency section */
		8B3AFCB72BD517EA0069773F /* IQKeyboardManagerSwift */ = {
			isa = XCSwiftPackageProductDependency;
			package = 8B3AFCB62BD517EA0069773F /* XCRemoteSwiftPackageReference "IQKeyboardManager" */;
			productName = IQKeyboardManagerSwift;
		};
		8B428C752BCAB91300FD1B69 /* Toast */ = {
			isa = XCSwiftPackageProductDependency;
			package = 8B428C742BCAB91300FD1B69 /* XCRemoteSwiftPackageReference "Toast-Swift" */;
			productName = Toast;
		};
		8B428C782BCAB92500FD1B69 /* Alamofire */ = {
			isa = XCSwiftPackageProductDependency;
			package = 8B428C772BCAB92500FD1B69 /* XCRemoteSwiftPackageReference "Alamofire" */;
			productName = Alamofire;
		};
		8B428C7B2BCAB92D00FD1B69 /* Kingfisher */ = {
			isa = XCSwiftPackageProductDependency;
			package = 8B428C7A2BCAB92D00FD1B69 /* XCRemoteSwiftPackageReference "Kingfisher" */;
			productName = Kingfisher;
		};
		8B428C7E2BCAB93800FD1B69 /* SnapKit */ = {
			isa = XCSwiftPackageProductDependency;
			package = 8B428C7D2BCAB93700FD1B69 /* XCRemoteSwiftPackageReference "SnapKit" */;
			productName = SnapKit;
		};
		8B428C812BCAB95100FD1B69 /* RxCocoa */ = {
			isa = XCSwiftPackageProductDependency;
			package = 8B428C802BCAB95100FD1B69 /* XCRemoteSwiftPackageReference "RxSwift" */;
			productName = RxCocoa;
		};
		8B428C832BCAB95100FD1B69 /* RxSwift */ = {
			isa = XCSwiftPackageProductDependency;
			package = 8B428C802BCAB95100FD1B69 /* XCRemoteSwiftPackageReference "RxSwift" */;
			productName = RxSwift;
		};
/* End XCSwiftPackageProductDependency section */
	};
	rootObject = 8B428C362BC980C700FD1B69 /* Project object */;
}
